
Microsoft Visual Studio Solution File, Format Version 12.00
# Visual Studio Version 17
VisualStudioVersion = 17.5.33530.505
MinimumVisualStudioVersion = 10.0.40219.1
Project("{FAE04EC0-301F-11D3-BF4B-00C04F79EFBC}") = "projAPIMongoDb_Andre_Turismo", "projAPIMongoDb_Andre_Turismo\projAPIMongoDb_Andre_Turismo.csproj", "{6DA7D50B-804A-4AFA-86E9-D7B087AB5336}"
EndProject
Global
	GlobalSection(SolutionConfigurationPlatforms) = preSolution
		Debug|Any CPU = Debug|Any CPU
		Release|Any CPU = Release|Any CPU
	EndGlobalSection
	GlobalSection(ProjectConfigurationPlatforms) = postSolution
		{6DA7D50B-804A-4AFA-86E9-D7B087AB5336}.Debug|Any CPU.ActiveCfg = Debug|Any CPU
		{6DA7D50B-804A-4AFA-86E9-D7B087AB5336}.Debug|Any CPU.Build.0 = Debug|Any CPU
		{6DA7D50B-804A-4AFA-86E9-D7B087AB5336}.Release|Any CPU.ActiveCfg = Release|Any CPU
		{6DA7D50B-804A-4AFA-86E9-D7B087AB5336}.Release|Any CPU.Build.0 = Release|Any CPU
	EndGlobalSection
	GlobalSection(SolutionProperties) = preSolution
		HideSolutionNode = FALSE
	EndGlobalSection
	GlobalSection(ExtensibilityGlobals) = postSolution
		SolutionGuid = {F21E96CA-7174-45FB-8D60-C4BB3FBB1AC6}
	EndGlobalSection
EndGlobal
